
Microsoft Visual Studio Solution File, Format Version 12.00
# Visual Studio Version 17
VisualStudioVersion = 17.3.32819.101
MinimumVisualStudioVersion = 10.0.40219.1
Project("{FAE04EC0-301F-11D3-BF4B-00C04F79EFBC}") = "NZWalks", "NZWalks\NZWalks.csproj", "{F7D5C430-A908-4061-97EB-47DB90FDB4F5}"
EndProject
Global
	GlobalSection(SolutionConfigurationPlatforms) = preSolution
		Debug|Any CPU = Debug|Any CPU
		Release|Any CPU = Release|Any CPU
	EndGlobalSection
	GlobalSection(ProjectConfigurationPlatforms) = postSolution
		{F7D5C430-A908-4061-97EB-47DB90FDB4F5}.Debug|Any CPU.ActiveCfg = Debug|Any CPU
		{F7D5C430-A908-4061-97EB-47DB90FDB4F5}.Debug|Any CPU.Build.0 = Debug|Any CPU
		{F7D5C430-A908-4061-97EB-47DB90FDB4F5}.Release|Any CPU.ActiveCfg = Release|Any CPU
		{F7D5C430-A908-4061-97EB-47DB90FDB4F5}.Release|Any CPU.Build.0 = Release|Any CPU
	EndGlobalSection
	GlobalSection(SolutionProperties) = preSolution
		HideSolutionNode = FALSE
	EndGlobalSection
	GlobalSection(ExtensibilityGlobals) = postSolution
		SolutionGuid = {366B84A5-FBF9-422D-8A94-A42F07B29F12}
	EndGlobalSection
EndGlobal
